
Microsoft Visual Studio Solution File, Format Version 12.00
# Visual Studio Version 16
VisualStudioVersion = 16.0.29613.14
MinimumVisualStudioVersion = 10.0.40219.1
Project("{FAE04EC0-301F-11D3-BF4B-00C04F79EFBC}") = "Kanbersky.Graphql.Core", "Kanbersky.Graphql.Core\Kanbersky.Graphql.Core.csproj", "{C78DDD73-3FAF-4777-B4D9-CCC837FA7C73}"
EndProject
Project("{FAE04EC0-301F-11D3-BF4B-00C04F79EFBC}") = "Kanbersky.Graphql.Data", "Kanbersky.Graphql.Data\Kanbersky.Graphql.Data.csproj", "{F922A628-F701-425C-AF31-44349EB55ABB}"
EndProject
Project("{FAE04EC0-301F-11D3-BF4B-00C04F79EFBC}") = "Kanbersky.Graphql.Business", "Kanbersky.Graphql.Business\Kanbersky.Graphql.Business.csproj", "{18816740-3466-40A8-B582-C5BF3EAE144A}"
EndProject
Project("{FAE04EC0-301F-11D3-BF4B-00C04F79EFBC}") = "Kanbersky.Graphql.Api", "Kanbersky.Graphql.Api\Kanbersky.Graphql.Api.csproj", "{9B497A5B-84D8-43FF-89EF-FD43BB48D84A}"
EndProject
Project("{FAE04EC0-301F-11D3-BF4B-00C04F79EFBC}") = "Kanbersky.Graphql.Entities", "Kanbersky.Graphql.Entities\Kanbersky.Graphql.Entities.csproj", "{907D4885-10DD-4401-A250-BEB43EE44B67}"
EndProject
Global
	GlobalSection(SolutionConfigurationPlatforms) = preSolution
		Debug|Any CPU = Debug|Any CPU
		Release|Any CPU = Release|Any CPU
	EndGlobalSection
	GlobalSection(ProjectConfigurationPlatforms) = postSolution
		{C78DDD73-3FAF-4777-B4D9-CCC837FA7C73}.Debug|Any CPU.ActiveCfg = Debug|Any CPU
		{C78DDD73-3FAF-4777-B4D9-CCC837FA7C73}.Debug|Any CPU.Build.0 = Debug|Any CPU
		{C78DDD73-3FAF-4777-B4D9-CCC837FA7C73}.Release|Any CPU.ActiveCfg = Release|Any CPU
		{C78DDD73-3FAF-4777-B4D9-CCC837FA7C73}.Release|Any CPU.Build.0 = Release|Any CPU
		{F922A628-F701-425C-AF31-44349EB55ABB}.Debug|Any CPU.ActiveCfg = Debug|Any CPU
		{F922A628-F701-425C-AF31-44349EB55ABB}.Debug|Any CPU.Build.0 = Debug|Any CPU
		{F922A628-F701-425C-AF31-44349EB55ABB}.Release|Any CPU.ActiveCfg = Release|Any CPU
		{F922A628-F701-425C-AF31-44349EB55ABB}.Release|Any CPU.Build.0 = Release|Any CPU
		{18816740-3466-40A8-B582-C5BF3EAE144A}.Debug|Any CPU.ActiveCfg = Debug|Any CPU
		{18816740-3466-40A8-B582-C5BF3EAE144A}.Debug|Any CPU.Build.0 = Debug|Any CPU
		{18816740-3466-40A8-B582-C5BF3EAE144A}.Release|Any CPU.ActiveCfg = Release|Any CPU
		{18816740-3466-40A8-B582-C5BF3EAE144A}.Release|Any CPU.Build.0 = Release|Any CPU
		{9B497A5B-84D8-43FF-89EF-FD43BB48D84A}.Debug|Any CPU.ActiveCfg = Debug|Any CPU
		{9B497A5B-84D8-43FF-89EF-FD43BB48D84A}.Debug|Any CPU.Build.0 = Debug|Any CPU
		{9B497A5B-84D8-43FF-89EF-FD43BB48D84A}.Release|Any CPU.ActiveCfg = Release|Any CPU
		{9B497A5B-84D8-43FF-89EF-FD43BB48D84A}.Release|Any CPU.Build.0 = Release|Any CPU
		{907D4885-10DD-4401-A250-BEB43EE44B67}.Debug|Any CPU.ActiveCfg = Debug|Any CPU
		{907D4885-10DD-4401-A250-BEB43EE44B67}.Debug|Any CPU.Build.0 = Debug|Any CPU
		{907D4885-10DD-4401-A250-BEB43EE44B67}.Release|Any CPU.ActiveCfg = Release|Any CPU
		{907D4885-10DD-4401-A250-BEB43EE44B67}.Release|Any CPU.Build.0 = Release|Any CPU
	EndGlobalSection
	GlobalSection(SolutionProperties) = preSolution
		HideSolutionNode = FALSE
	EndGlobalSection
	GlobalSection(ExtensibilityGlobals) = postSolution
		SolutionGuid = {ABBBE8C2-B197-493D-AF89-CA32A74C7075}
	EndGlobalSection
EndGlobal
